{
  "name": "hwf-publicapp",
  "version": "3.4.1",
  "lockfileVersion": 3,
  "requires": true,
  "packages": {
    "": {
      "name": "hwf-publicapp",
      "version": "3.4.1",
      "dependencies": {
        "govuk-frontend": "^5.10.2"
      },
      "engines": {
        "node": ">=0.18.x"
      }
    },
    "node_modules/govuk-frontend": {
      "version": "5.11.0",
      "resolved": "https://registry.npmjs.org/govuk-frontend/-/govuk-frontend-5.11.0.tgz",
      "integrity": "sha512-RYZDEF1J6nVw5XauQGH+91qplExgHUXfXII7dtIme6I4u3eSvU59yZ0/EFKEwRgTslSqlhJODOnAi5rnQFU5Gw==",
      "license": "MIT",
      "engines": {
        "node": ">= 4.2.0"
      }
    }
  }
}
