{
  "name": "hwf-publicapp",
  "version": "3.3.4",
  "lockfileVersion": 2,
  "requires": true,
  "packages": {
    "": {
      "name": "hwf-publicapp",
      "version": "3.3.4",
      "dependencies": {
        "govuk-frontend": "^5.5.0"
      },
      "engines": {
        "node": ">=0.18.x"
      }
    },
    "node_modules/govuk-frontend": {
      "version": "5.5.0",
      "resolved": "https://registry.npmjs.org/govuk-frontend/-/govuk-frontend-5.5.0.tgz",
      "integrity": "sha512-lNSHCOzgk6LfgelcdtJxTLK1BX/cpjCUyEB3LnzliD9o9YQckNMsbj5+jSOs2RFy6XBJ/DJqxj2TKfjBCuzpyA==",
      "engines": {
        "node": ">= 4.2.0"
      }
    }
  },
  "dependencies": {
    "govuk-frontend": {
      "version": "5.5.0",
      "resolved": "https://registry.npmjs.org/govuk-frontend/-/govuk-frontend-5.5.0.tgz",
      "integrity": "sha512-lNSHCOzgk6LfgelcdtJxTLK1BX/cpjCUyEB3LnzliD9o9YQckNMsbj5+jSOs2RFy6XBJ/DJqxj2TKfjBCuzpyA=="
    }
  }
}
